
Microsoft Visual Studio Solution File, Format Version 12.00
# Visual Studio Version 17
VisualStudioVersion = 17.5.33516.290
MinimumVisualStudioVersion = 10.0.40219.1
Project("{FAE04EC0-301F-11D3-BF4B-00C04F79EFBC}") = "matrixcarpma", "matrixcarpma\matrixcarpma.csproj", "{005A0723-1266-4B65-9CCA-B0ACAC1E9854}"
EndProject
Global
	GlobalSection(SolutionConfigurationPlatforms) = preSolution
		Debug|Any CPU = Debug|Any CPU
		Release|Any CPU = Release|Any CPU
	EndGlobalSection
	GlobalSection(ProjectConfigurationPlatforms) = postSolution
		{005A0723-1266-4B65-9CCA-B0ACAC1E9854}.Debug|Any CPU.ActiveCfg = Debug|Any CPU
		{005A0723-1266-4B65-9CCA-B0ACAC1E9854}.Debug|Any CPU.Build.0 = Debug|Any CPU
		{005A0723-1266-4B65-9CCA-B0ACAC1E9854}.Release|Any CPU.ActiveCfg = Release|Any CPU
		{005A0723-1266-4B65-9CCA-B0ACAC1E9854}.Release|Any CPU.Build.0 = Release|Any CPU
	EndGlobalSection
	GlobalSection(SolutionProperties) = preSolution
		HideSolutionNode = FALSE
	EndGlobalSection
	GlobalSection(ExtensibilityGlobals) = postSolution
		SolutionGuid = {8E2783B1-F4E8-411B-9305-7ED3B53B4C6E}
	EndGlobalSection
EndGlobal
